
Microsoft Visual Studio Solution File, Format Version 12.00
# Visual Studio Version 17
VisualStudioVersion = 17.1.32210.238
MinimumVisualStudioVersion = 10.0.40219.1
Project("{FAE04EC0-301F-11D3-BF4B-00C04F79EFBC}") = "The Matrix Upgrade", "The Matrix Upgrade\The Matrix Upgrade.csproj", "{37C9554C-75D2-476D-8379-A5545330EF55}"
EndProject
Global
	GlobalSection(SolutionConfigurationPlatforms) = preSolution
		Debug|Any CPU = Debug|Any CPU
		Release|Any CPU = Release|Any CPU
	EndGlobalSection
	GlobalSection(ProjectConfigurationPlatforms) = postSolution
		{37C9554C-75D2-476D-8379-A5545330EF55}.Debug|Any CPU.ActiveCfg = Debug|Any CPU
		{37C9554C-75D2-476D-8379-A5545330EF55}.Debug|Any CPU.Build.0 = Debug|Any CPU
		{37C9554C-75D2-476D-8379-A5545330EF55}.Release|Any CPU.ActiveCfg = Release|Any CPU
		{37C9554C-75D2-476D-8379-A5545330EF55}.Release|Any CPU.Build.0 = Release|Any CPU
	EndGlobalSection
	GlobalSection(SolutionProperties) = preSolution
		HideSolutionNode = FALSE
	EndGlobalSection
	GlobalSection(ExtensibilityGlobals) = postSolution
		SolutionGuid = {4966D03D-3F28-405A-9E6D-E52E91929603}
	EndGlobalSection
EndGlobal
